
Microsoft Visual Studio Solution File, Format Version 12.00
# Visual Studio Version 17
VisualStudioVersion = 17.7.34018.315
MinimumVisualStudioVersion = 10.0.40219.1
Project("{FAE04EC0-301F-11D3-BF4B-00C04F79EFBC}") = "Curses", "Curses.csproj", "{6F2B0798-4173-47B8-A97C-FB0C3C18CBDD}"
EndProject
Global
	GlobalSection(SolutionConfigurationPlatforms) = preSolution
		Debug|Any CPU = Debug|Any CPU
		Release|Any CPU = Release|Any CPU
	EndGlobalSection
	GlobalSection(ProjectConfigurationPlatforms) = postSolution
		{6F2B0798-4173-47B8-A97C-FB0C3C18CBDD}.Debug|Any CPU.ActiveCfg = Debug|Any CPU
		{6F2B0798-4173-47B8-A97C-FB0C3C18CBDD}.Debug|Any CPU.Build.0 = Debug|Any CPU
		{6F2B0798-4173-47B8-A97C-FB0C3C18CBDD}.Release|Any CPU.ActiveCfg = Release|Any CPU
		{6F2B0798-4173-47B8-A97C-FB0C3C18CBDD}.Release|Any CPU.Build.0 = Release|Any CPU
	EndGlobalSection
	GlobalSection(SolutionProperties) = preSolution
		HideSolutionNode = FALSE
	EndGlobalSection
	GlobalSection(ExtensibilityGlobals) = postSolution
		SolutionGuid = {F2EF6182-CE3B-490D-97ED-C9F642147D8F}
	EndGlobalSection
EndGlobal
