
Microsoft Visual Studio Solution File, Format Version 12.00
# Visual Studio Version 17
VisualStudioVersion = 17.6.33829.357
MinimumVisualStudioVersion = 10.0.40219.1
Project("{FAE04EC0-301F-11D3-BF4B-00C04F79EFBC}") = "ConsoleApp1", "ConsoleApp1\ConsoleApp1.csproj", "{ADDAFB55-7AC3-43F3-962E-49287C005798}"
EndProject
Global
	GlobalSection(SolutionConfigurationPlatforms) = preSolution
		Debug|Any CPU = Debug|Any CPU
		Release|Any CPU = Release|Any CPU
	EndGlobalSection
	GlobalSection(ProjectConfigurationPlatforms) = postSolution
		{ADDAFB55-7AC3-43F3-962E-49287C005798}.Debug|Any CPU.ActiveCfg = Debug|Any CPU
		{ADDAFB55-7AC3-43F3-962E-49287C005798}.Debug|Any CPU.Build.0 = Debug|Any CPU
		{ADDAFB55-7AC3-43F3-962E-49287C005798}.Release|Any CPU.ActiveCfg = Release|Any CPU
		{ADDAFB55-7AC3-43F3-962E-49287C005798}.Release|Any CPU.Build.0 = Release|Any CPU
	EndGlobalSection
	GlobalSection(SolutionProperties) = preSolution
		HideSolutionNode = FALSE
	EndGlobalSection
	GlobalSection(ExtensibilityGlobals) = postSolution
		SolutionGuid = {A2ED0AA8-5529-4DDD-B46D-6D50C831201B}
	EndGlobalSection
EndGlobal
