
Microsoft Visual Studio Solution File, Format Version 12.00
# Visual Studio Version 17
VisualStudioVersion = 17.6.33829.357
MinimumVisualStudioVersion = 10.0.40219.1
Project("{FAE04EC0-301F-11D3-BF4B-00C04F79EFBC}") = "TaskSystem", "TaskSystem\TaskSystem.csproj", "{20C57DA3-47B2-4BE9-BB21-B8F509335FCA}"
EndProject
Global
	GlobalSection(SolutionConfigurationPlatforms) = preSolution
		Debug|Any CPU = Debug|Any CPU
		Release|Any CPU = Release|Any CPU
	EndGlobalSection
	GlobalSection(ProjectConfigurationPlatforms) = postSolution
		{20C57DA3-47B2-4BE9-BB21-B8F509335FCA}.Debug|Any CPU.ActiveCfg = Debug|Any CPU
		{20C57DA3-47B2-4BE9-BB21-B8F509335FCA}.Debug|Any CPU.Build.0 = Debug|Any CPU
		{20C57DA3-47B2-4BE9-BB21-B8F509335FCA}.Release|Any CPU.ActiveCfg = Release|Any CPU
		{20C57DA3-47B2-4BE9-BB21-B8F509335FCA}.Release|Any CPU.Build.0 = Release|Any CPU
	EndGlobalSection
	GlobalSection(SolutionProperties) = preSolution
		HideSolutionNode = FALSE
	EndGlobalSection
	GlobalSection(ExtensibilityGlobals) = postSolution
		SolutionGuid = {B5772673-4B72-4234-90E9-381408E6FE49}
	EndGlobalSection
EndGlobal
