
Microsoft Visual Studio Solution File, Format Version 12.00
# Visual Studio Version 17
VisualStudioVersion = 17.7.34018.315
MinimumVisualStudioVersion = 10.0.40219.1
Project("{FAE04EC0-301F-11D3-BF4B-00C04F79EFBC}") = "SalesWebMvc", "SalesWebMvc\SalesWebMvc.csproj", "{6A90AD31-DF88-4258-BB29-B5C2AF3292DC}"
EndProject
Global
	GlobalSection(SolutionConfigurationPlatforms) = preSolution
		Debug|Any CPU = Debug|Any CPU
		Release|Any CPU = Release|Any CPU
	EndGlobalSection
	GlobalSection(ProjectConfigurationPlatforms) = postSolution
		{6A90AD31-DF88-4258-BB29-B5C2AF3292DC}.Debug|Any CPU.ActiveCfg = Debug|Any CPU
		{6A90AD31-DF88-4258-BB29-B5C2AF3292DC}.Debug|Any CPU.Build.0 = Debug|Any CPU
		{6A90AD31-DF88-4258-BB29-B5C2AF3292DC}.Release|Any CPU.ActiveCfg = Release|Any CPU
		{6A90AD31-DF88-4258-BB29-B5C2AF3292DC}.Release|Any CPU.Build.0 = Release|Any CPU
	EndGlobalSection
	GlobalSection(SolutionProperties) = preSolution
		HideSolutionNode = FALSE
	EndGlobalSection
	GlobalSection(ExtensibilityGlobals) = postSolution
		SolutionGuid = {63F4BBEF-A90C-46F8-A413-0DA6E729F2BC}
	EndGlobalSection
EndGlobal
